
Microsoft Visual Studio Solution File, Format Version 12.00
# Visual Studio Version 16
VisualStudioVersion = 16.0.31515.178
MinimumVisualStudioVersion = 10.0.40219.1
Project("{FAE04EC0-301F-11D3-BF4B-00C04F79EFBC}") = "MyAppAPI", "MyAppAPI.csproj", "{FB641C4A-C3F6-476C-A2EC-04FD5E5CF0B9}"
EndProject
Project("{9A19103F-16F7-4668-BE54-9A1E7A4F7556}") = "MyAppData", "..\..\MyAppData\MyAppData.csproj", "{AD6DA4F1-CD0D-443C-8D4C-14C2E111A926}"
EndProject
Project("{9A19103F-16F7-4668-BE54-9A1E7A4F7556}") = "MyAppServices", "..\..\MyAppServices\MyAppServices.csproj", "{A103D9A2-C0FF-4EA0-9DCD-21772B437E97}"
EndProject
Global
	GlobalSection(SolutionConfigurationPlatforms) = preSolution
		Debug|Any CPU = Debug|Any CPU
		Release|Any CPU = Release|Any CPU
	EndGlobalSection
	GlobalSection(ProjectConfigurationPlatforms) = postSolution
		{FB641C4A-C3F6-476C-A2EC-04FD5E5CF0B9}.Debug|Any CPU.ActiveCfg = Debug|Any CPU
		{FB641C4A-C3F6-476C-A2EC-04FD5E5CF0B9}.Debug|Any CPU.Build.0 = Debug|Any CPU
		{FB641C4A-C3F6-476C-A2EC-04FD5E5CF0B9}.Release|Any CPU.ActiveCfg = Release|Any CPU
		{FB641C4A-C3F6-476C-A2EC-04FD5E5CF0B9}.Release|Any CPU.Build.0 = Release|Any CPU
		{AD6DA4F1-CD0D-443C-8D4C-14C2E111A926}.Debug|Any CPU.ActiveCfg = Debug|Any CPU
		{AD6DA4F1-CD0D-443C-8D4C-14C2E111A926}.Debug|Any CPU.Build.0 = Debug|Any CPU
		{AD6DA4F1-CD0D-443C-8D4C-14C2E111A926}.Release|Any CPU.ActiveCfg = Release|Any CPU
		{AD6DA4F1-CD0D-443C-8D4C-14C2E111A926}.Release|Any CPU.Build.0 = Release|Any CPU
		{A103D9A2-C0FF-4EA0-9DCD-21772B437E97}.Debug|Any CPU.ActiveCfg = Debug|Any CPU
		{A103D9A2-C0FF-4EA0-9DCD-21772B437E97}.Debug|Any CPU.Build.0 = Debug|Any CPU
		{A103D9A2-C0FF-4EA0-9DCD-21772B437E97}.Release|Any CPU.ActiveCfg = Release|Any CPU
		{A103D9A2-C0FF-4EA0-9DCD-21772B437E97}.Release|Any CPU.Build.0 = Release|Any CPU
	EndGlobalSection
	GlobalSection(SolutionProperties) = preSolution
		HideSolutionNode = FALSE
	EndGlobalSection
	GlobalSection(ExtensibilityGlobals) = postSolution
		SolutionGuid = {578120C5-7450-466F-AF5A-64F93A92A366}
	EndGlobalSection
EndGlobal
